<Solution>
  <Project Path="../../Aula03/Operadores/Operadores/Operadores.csproj" Id="0aac6a82-241d-4c31-bdeb-efbff73866f6" />
  <Project Path="Atividade01Aula03/Atividade01Aula03.csproj" Id="df86b3cd-aac5-4501-a17f-eafa366fc7c5" />
  <Project Path="ConsoleApp1/ConsoleApp1.csproj" />
  <Project Path="ExercicioRetangulo/ExercicioRetangulo.csproj" Id="f51f77d1-74cd-494d-8e20-35184dbbf0c4" />
</Solution>
